
Microsoft Visual Studio Solution File, Format Version 12.00
# Visual Studio Version 17
VisualStudioVersion = 17.5.33424.131
MinimumVisualStudioVersion = 10.0.40219.1
Project("{FAE04EC0-301F-11D3-BF4B-00C04F79EFBC}") = "ExampleCRUDwhitAjax", "ExampleCRUDwhitAjax\ExampleCRUDwhitAjax.csproj", "{6E322A58-310F-4233-B760-F5551ACE23EE}"
EndProject
Global
	GlobalSection(SolutionConfigurationPlatforms) = preSolution
		Debug|Any CPU = Debug|Any CPU
		Release|Any CPU = Release|Any CPU
	EndGlobalSection
	GlobalSection(ProjectConfigurationPlatforms) = postSolution
		{6E322A58-310F-4233-B760-F5551ACE23EE}.Debug|Any CPU.ActiveCfg = Debug|Any CPU
		{6E322A58-310F-4233-B760-F5551ACE23EE}.Debug|Any CPU.Build.0 = Debug|Any CPU
		{6E322A58-310F-4233-B760-F5551ACE23EE}.Release|Any CPU.ActiveCfg = Release|Any CPU
		{6E322A58-310F-4233-B760-F5551ACE23EE}.Release|Any CPU.Build.0 = Release|Any CPU
	EndGlobalSection
	GlobalSection(SolutionProperties) = preSolution
		HideSolutionNode = FALSE
	EndGlobalSection
	GlobalSection(ExtensibilityGlobals) = postSolution
		SolutionGuid = {208A389A-694C-4149-B3A7-03F4AE5C2921}
	EndGlobalSection
EndGlobal
